{
  "requires": true,
  "lockfileVersion": 1,
  "dependencies": {
    "appsensor-nodejs": {
      "version": "git://github.com/tghosth/appsensor-nodejs.git#bb1868c2822386ef93dae3bc9804ad10d301b986",
      "requires": {
        "dotenv": "6.0.0"
      }
    },
    "dotenv": {
      "version": "6.0.0",
      "resolved": "https://registry.npmjs.org/dotenv/-/dotenv-6.0.0.tgz",
      "integrity": "sha512-FlWbnhgjtwD+uNLUGHbMykMOYQaTivdHEmYwAKFjn6GKe/CqY0fNae93ZHTd20snh9ZLr8mTzIL9m0APQ1pjQg=="
    }
  }
}
